// !$*UTF8*$!
{
	archiveVersion = 1;
	classes = {
	};
	objectVersion = 55;
	objects = {

/* Begin PBXBuildFile section */
		4F6708AB287C980700673BB6 /* PopularCollectionViewCell.swift in Sources */ = {isa = PBXBuildFile; fileRef = 4F6708AA287C980700673BB6 /* PopularCollectionViewCell.swift */; };
		4F6708AD287C986900673BB6 /* NowPlayingCollectionViewCell.swift in Sources */ = {isa = PBXBuildFile; fileRef = 4F6708AC287C986900673BB6 /* NowPlayingCollectionViewCell.swift */; };
		4F8124FD2878AFC100E71A94 /* AppDelegate.swift in Sources */ = {isa = PBXBuildFile; fileRef = 4F8124FC2878AFC100E71A94 /* AppDelegate.swift */; };
		4F8124FF2878AFC100E71A94 /* SceneDelegate.swift in Sources */ = {isa = PBXBuildFile; fileRef = 4F8124FE2878AFC100E71A94 /* SceneDelegate.swift */; };
		4F8125012878AFC100E71A94 /* FeaturedViewController.swift in Sources */ = {isa = PBXBuildFile; fileRef = 4F8125002878AFC100E71A94 /* FeaturedViewController.swift */; };
		4F8125042878AFC100E71A94 /* Main.storyboard in Resources */ = {isa = PBXBuildFile; fileRef = 4F8125022878AFC100E71A94 /* Main.storyboard */; };
		4F8125062878AFC200E71A94 /* Assets.xcassets in Resources */ = {isa = PBXBuildFile; fileRef = 4F8125052878AFC200E71A94 /* Assets.xcassets */; };
		4F8125092878AFC200E71A94 /* LaunchScreen.storyboard in Resources */ = {isa = PBXBuildFile; fileRef = 4F8125072878AFC200E71A94 /* LaunchScreen.storyboard */; };
		4F89DAE728807BDE002C5691 /* UpcomingCollectionViewCell.swift in Sources */ = {isa = PBXBuildFile; fileRef = 4F89DAE628807BDE002C5691 /* UpcomingCollectionViewCell.swift */; };
		4FD88A3B287DEE4700C32E19 /* Movie.swift in Sources */ = {isa = PBXBuildFile; fileRef = 4FD88A3A287DEE4700C32E19 /* Movie.swift */; };
		4FD88A41287DF4E500C32E19 /* Movie+TrendingThisWeek.swift in Sources */ = {isa = PBXBuildFile; fileRef = 4FD88A3C287DF4E500C32E19 /* Movie+TrendingThisWeek.swift */; };
		4FD88A42287DF4E500C32E19 /* Movie+Upcoming.swift in Sources */ = {isa = PBXBuildFile; fileRef = 4FD88A3D287DF4E500C32E19 /* Movie+Upcoming.swift */; };
		4FD88A43287DF4E500C32E19 /* Movie+Popular.swift in Sources */ = {isa = PBXBuildFile; fileRef = 4FD88A3E287DF4E500C32E19 /* Movie+Popular.swift */; };
		4FD88A44287DF4E500C32E19 /* Movie+NowPlaying.swift in Sources */ = {isa = PBXBuildFile; fileRef = 4FD88A3F287DF4E500C32E19 /* Movie+NowPlaying.swift */; };
		4FD88A45287DF4E500C32E19 /* Movie+TrendingToday.swift in Sources */ = {isa = PBXBuildFile; fileRef = 4FD88A40287DF4E500C32E19 /* Movie+TrendingToday.swift */; };
		4FD88A47287E145100C32E19 /* FeaturedViewControllers+UICollectionViewDataSource.swift in Sources */ = {isa = PBXBuildFile; fileRef = 4FD88A46287E145100C32E19 /* FeaturedViewControllers+UICollectionViewDataSource.swift */; };
		4FFF77BF287F3F0E00C6BCA2 /* DetailsViewController.swift in Sources */ = {isa = PBXBuildFile; fileRef = 4FFF77BE287F3F0E00C6BCA2 /* DetailsViewController.swift */; };
		4FFF77C1287F47E900C6BCA2 /* FeaturedViewController+UICollectionViewDelegate.swift in Sources */ = {isa = PBXBuildFile; fileRef = 4FFF77C0287F47E900C6BCA2 /* FeaturedViewController+UICollectionViewDelegate.swift */; };
/* End PBXBuildFile section */

/* Begin PBXFileReference section */
		4F6708AA287C980700673BB6 /* PopularCollectionViewCell.swift */ = {isa = PBXFileReference; lastKnownFileType = sourcecode.swift; path = PopularCollectionViewCell.swift; sourceTree = "<group>"; };
		4F6708AC287C986900673BB6 /* NowPlayingCollectionViewCell.swift */ = {isa = PBXFileReference; lastKnownFileType = sourcecode.swift; path = NowPlayingCollectionViewCell.swift; sourceTree = "<group>"; };
		4F8124F92878AFC100E71A94 /* tocaderato.app */ = {isa = PBXFileReference; explicitFileType = wrapper.application; includeInIndex = 0; path = tocaderato.app; sourceTree = BUILT_PRODUCTS_DIR; };
		4F8124FC2878AFC100E71A94 /* AppDelegate.swift */ = {isa = PBXFileReference; lastKnownFileType = sourcecode.swift; path = AppDelegate.swift; sourceTree = "<group>"; };
		4F8124FE2878AFC100E71A94 /* SceneDelegate.swift */ = {isa = PBXFileReference; lastKnownFileType = sourcecode.swift; path = SceneDelegate.swift; sourceTree = "<group>"; };
		4F8125002878AFC100E71A94 /* FeaturedViewController.swift */ = {isa = PBXFileReference; lastKnownFileType = sourcecode.swift; path = FeaturedViewController.swift; sourceTree = "<group>"; };
		4F8125032878AFC100E71A94 /* Base */ = {isa = PBXFileReference; lastKnownFileType = file.storyboard; name = Base; path = Base.lproj/Main.storyboard; sourceTree = "<group>"; };
		4F8125052878AFC200E71A94 /* Assets.xcassets */ = {isa = PBXFileReference; lastKnownFileType = folder.assetcatalog; path = Assets.xcassets; sourceTree = "<group>"; };
		4F8125082878AFC200E71A94 /* Base */ = {isa = PBXFileReference; lastKnownFileType = file.storyboard; name = Base; path = Base.lproj/LaunchScreen.storyboard; sourceTree = "<group>"; };
		4F81250A2878AFC200E71A94 /* Info.plist */ = {isa = PBXFileReference; lastKnownFileType = text.plist.xml; path = Info.plist; sourceTree = "<group>"; };
		4F89DAE628807BDE002C5691 /* UpcomingCollectionViewCell.swift */ = {isa = PBXFileReference; lastKnownFileType = sourcecode.swift; path = UpcomingCollectionViewCell.swift; sourceTree = "<group>"; };
		4FD88A3A287DEE4700C32E19 /* Movie.swift */ = {isa = PBXFileReference; lastKnownFileType = sourcecode.swift; path = Movie.swift; sourceTree = "<group>"; };
		4FD88A3C287DF4E500C32E19 /* Movie+TrendingThisWeek.swift */ = {isa = PBXFileReference; fileEncoding = 4; lastKnownFileType = sourcecode.swift; path = "Movie+TrendingThisWeek.swift"; sourceTree = "<group>"; };
		4FD88A3D287DF4E500C32E19 /* Movie+Upcoming.swift */ = {isa = PBXFileReference; fileEncoding = 4; lastKnownFileType = sourcecode.swift; path = "Movie+Upcoming.swift"; sourceTree = "<group>"; };
		4FD88A3E287DF4E500C32E19 /* Movie+Popular.swift */ = {isa = PBXFileReference; fileEncoding = 4; lastKnownFileType = sourcecode.swift; path = "Movie+Popular.swift"; sourceTree = "<group>"; };
		4FD88A3F287DF4E500C32E19 /* Movie+NowPlaying.swift */ = {isa = PBXFileReference; fileEncoding = 4; lastKnownFileType = sourcecode.swift; path = "Movie+NowPlaying.swift"; sourceTree = "<group>"; };
		4FD88A40287DF4E500C32E19 /* Movie+TrendingToday.swift */ = {isa = PBXFileReference; fileEncoding = 4; lastKnownFileType = sourcecode.swift; path = "Movie+TrendingToday.swift"; sourceTree = "<group>"; };
		4FD88A46287E145100C32E19 /* FeaturedViewControllers+UICollectionViewDataSource.swift */ = {isa = PBXFileReference; lastKnownFileType = sourcecode.swift; path = "FeaturedViewControllers+UICollectionViewDataSource.swift"; sourceTree = "<group>"; };
		4FFF77BE287F3F0E00C6BCA2 /* DetailsViewController.swift */ = {isa = PBXFileReference; lastKnownFileType = sourcecode.swift; path = DetailsViewController.swift; sourceTree = "<group>"; };
		4FFF77C0287F47E900C6BCA2 /* FeaturedViewController+UICollectionViewDelegate.swift */ = {isa = PBXFileReference; lastKnownFileType = sourcecode.swift; path = "FeaturedViewController+UICollectionViewDelegate.swift"; sourceTree = "<group>"; };
/* End PBXFileReference section */

/* Begin PBXFrameworksBuildPhase section */
		4F8124F62878AFC100E71A94 /* Frameworks */ = {
			isa = PBXFrameworksBuildPhase;
			buildActionMask = 2147483647;
			files = (
			);
			runOnlyForDeploymentPostprocessing = 0;
		};
/* End PBXFrameworksBuildPhase section */

/* Begin PBXGroup section */
		4F6708AE287C99AE00673BB6 /* Controllers */ = {
			isa = PBXGroup;
			children = (
				4F8125002878AFC100E71A94 /* FeaturedViewController.swift */,
				4FD88A46287E145100C32E19 /* FeaturedViewControllers+UICollectionViewDataSource.swift */,
				4FFF77C0287F47E900C6BCA2 /* FeaturedViewController+UICollectionViewDelegate.swift */,
				4FFF77BE287F3F0E00C6BCA2 /* DetailsViewController.swift */,
			);
			path = Controllers;
			sourceTree = "<group>";
		};
		4F6708AF287C99E200673BB6 /* View */ = {
			isa = PBXGroup;
			children = (
				4F8125022878AFC100E71A94 /* Main.storyboard */,
				4F8125072878AFC200E71A94 /* LaunchScreen.storyboard */,
				4F6708AA287C980700673BB6 /* PopularCollectionViewCell.swift */,
				4F6708AC287C986900673BB6 /* NowPlayingCollectionViewCell.swift */,
				4F89DAE628807BDE002C5691 /* UpcomingCollectionViewCell.swift */,
			);
			path = View;
			sourceTree = "<group>";
		};
		4F6708B0287C9E3600673BB6 /* SuportingFiles */ = {
			isa = PBXGroup;
			children = (
				4F8125052878AFC200E71A94 /* Assets.xcassets */,
				4F81250A2878AFC200E71A94 /* Info.plist */,
			);
			name = SuportingFiles;
			sourceTree = "<group>";
		};
		4F8124F02878AFC100E71A94 = {
			isa = PBXGroup;
			children = (
				4F8124FB2878AFC100E71A94 /* tocaderato */,
				4F8124FA2878AFC100E71A94 /* Products */,
			);
			sourceTree = "<group>";
		};
		4F8124FA2878AFC100E71A94 /* Products */ = {
			isa = PBXGroup;
			children = (
				4F8124F92878AFC100E71A94 /* tocaderato.app */,
			);
			name = Products;
			sourceTree = "<group>";
		};
		4F8124FB2878AFC100E71A94 /* tocaderato */ = {
			isa = PBXGroup;
			children = (
				4F8124FC2878AFC100E71A94 /* AppDelegate.swift */,
				4F8124FE2878AFC100E71A94 /* SceneDelegate.swift */,
				4F6708AE287C99AE00673BB6 /* Controllers */,
				4FD88A39287DEDF700C32E19 /* Model */,
				4F6708AF287C99E200673BB6 /* View */,
				4F6708B0287C9E3600673BB6 /* SuportingFiles */,
			);
			path = tocaderato;
			sourceTree = "<group>";
		};
		4FD88A39287DEDF700C32E19 /* Model */ = {
			isa = PBXGroup;
			children = (
				4FD88A3F287DF4E500C32E19 /* Movie+NowPlaying.swift */,
				4FD88A3E287DF4E500C32E19 /* Movie+Popular.swift */,
				4FD88A3C287DF4E500C32E19 /* Movie+TrendingThisWeek.swift */,
				4FD88A40287DF4E500C32E19 /* Movie+TrendingToday.swift */,
				4FD88A3D287DF4E500C32E19 /* Movie+Upcoming.swift */,
				4FD88A3A287DEE4700C32E19 /* Movie.swift */,
			);
			path = Model;
			sourceTree = "<group>";
		};
/* End PBXGroup section */

/* Begin PBXNativeTarget section */
		4F8124F82878AFC100E71A94 /* tocaderato */ = {
			isa = PBXNativeTarget;
			buildConfigurationList = 4F81250D2878AFC200E71A94 /* Build configuration list for PBXNativeTarget "tocaderato" */;
			buildPhases = (
				4F8124F52878AFC100E71A94 /* Sources */,
				4F8124F62878AFC100E71A94 /* Frameworks */,
				4F8124F72878AFC100E71A94 /* Resources */,
			);
			buildRules = (
			);
			dependencies = (
			);
			name = tocaderato;
			productName = tocaderato;
			productReference = 4F8124F92878AFC100E71A94 /* tocaderato.app */;
			productType = "com.apple.product-type.application";
		};
/* End PBXNativeTarget section */

/* Begin PBXProject section */
		4F8124F12878AFC100E71A94 /* Project object */ = {
			isa = PBXProject;
			attributes = {
				BuildIndependentTargetsInParallel = 1;
				LastSwiftUpdateCheck = 1330;
				LastUpgradeCheck = 1330;
				TargetAttributes = {
					4F8124F82878AFC100E71A94 = {
						CreatedOnToolsVersion = 13.3.1;
					};
				};
			};
			buildConfigurationList = 4F8124F42878AFC100E71A94 /* Build configuration list for PBXProject "tocaderato" */;
			compatibilityVersion = "Xcode 13.0";
			developmentRegion = en;
			hasScannedForEncodings = 0;
			knownRegions = (
				en,
				Base,
			);
			mainGroup = 4F8124F02878AFC100E71A94;
			productRefGroup = 4F8124FA2878AFC100E71A94 /* Products */;
			projectDirPath = "";
			projectRoot = "";
			targets = (
				4F8124F82878AFC100E71A94 /* tocaderato */,
			);
		};
/* End PBXProject section */

/* Begin PBXResourcesBuildPhase section */
		4F8124F72878AFC100E71A94 /* Resources */ = {
			isa = PBXResourcesBuildPhase;
			buildActionMask = 2147483647;
			files = (
				4F8125092878AFC200E71A94 /* LaunchScreen.storyboard in Resources */,
				4F8125062878AFC200E71A94 /* Assets.xcassets in Resources */,
				4F8125042878AFC100E71A94 /* Main.storyboard in Resources */,
			);
			runOnlyForDeploymentPostprocessing = 0;
		};
/* End PBXResourcesBuildPhase section */

/* Begin PBXSourcesBuildPhase section */
		4F8124F52878AFC100E71A94 /* Sources */ = {
			isa = PBXSourcesBuildPhase;
			buildActionMask = 2147483647;
			files = (
				4F6708AD287C986900673BB6 /* NowPlayingCollectionViewCell.swift in Sources */,
				4F6708AB287C980700673BB6 /* PopularCollectionViewCell.swift in Sources */,
				4FD88A45287DF4E500C32E19 /* Movie+TrendingToday.swift in Sources */,
				4FD88A43287DF4E500C32E19 /* Movie+Popular.swift in Sources */,
				4FD88A47287E145100C32E19 /* FeaturedViewControllers+UICollectionViewDataSource.swift in Sources */,
				4FD88A3B287DEE4700C32E19 /* Movie.swift in Sources */,
				4FD88A41287DF4E500C32E19 /* Movie+TrendingThisWeek.swift in Sources */,
				4FD88A42287DF4E500C32E19 /* Movie+Upcoming.swift in Sources */,
				4FFF77C1287F47E900C6BCA2 /* FeaturedViewController+UICollectionViewDelegate.swift in Sources */,
				4F89DAE728807BDE002C5691 /* UpcomingCollectionViewCell.swift in Sources */,
				4FD88A44287DF4E500C32E19 /* Movie+NowPlaying.swift in Sources */,
				4F8125012878AFC100E71A94 /* FeaturedViewController.swift in Sources */,
				4F8124FD2878AFC100E71A94 /* AppDelegate.swift in Sources */,
				4FFF77BF287F3F0E00C6BCA2 /* DetailsViewController.swift in Sources */,
				4F8124FF2878AFC100E71A94 /* SceneDelegate.swift in Sources */,
			);
			runOnlyForDeploymentPostprocessing = 0;
		};
/* End PBXSourcesBuildPhase section */

/* Begin PBXVariantGroup section */
		4F8125022878AFC100E71A94 /* Main.storyboard */ = {
			isa = PBXVariantGroup;
			children = (
				4F8125032878AFC100E71A94 /* Base */,
			);
			name = Main.storyboard;
			sourceTree = "<group>";
		};
		4F8125072878AFC200E71A94 /* LaunchScreen.storyboard */ = {
			isa = PBXVariantGroup;
			children = (
				4F8125082878AFC200E71A94 /* Base */,
			);
			name = LaunchScreen.storyboard;
			sourceTree = "<group>";
		};
/* End PBXVariantGroup section */

/* Begin XCBuildConfiguration section */
		4F81250B2878AFC200E71A94 /* Debug */ = {
			isa = XCBuildConfiguration;
			buildSettings = {
				ALWAYS_SEARCH_USER_PATHS = NO;
				CLANG_ANALYZER_NONNULL = YES;
				CLANG_ANALYZER_NUMBER_OBJECT_CONVERSION = YES_AGGRESSIVE;
				CLANG_CXX_LANGUAGE_STANDARD = "gnu++17";
				CLANG_ENABLE_MODULES = YES;
				CLANG_ENABLE_OBJC_ARC = YES;
				CLANG_ENABLE_OBJC_WEAK = YES;
				CLANG_WARN_BLOCK_CAPTURE_AUTORELEASING = YES;
				CLANG_WARN_BOOL_CONVERSION = YES;
				CLANG_WARN_COMMA = YES;
				CLANG_WARN_CONSTANT_CONVERSION = YES;
				CLANG_WARN_DEPRECATED_OBJC_IMPLEMENTATIONS = YES;
				CLANG_WARN_DIRECT_OBJC_ISA_USAGE = YES_ERROR;
				CLANG_WARN_DOCUMENTATION_COMMENTS = YES;
				CLANG_WARN_EMPTY_BODY = YES;
				CLANG_WARN_ENUM_CONVERSION = YES;
				CLANG_WARN_INFINITE_RECURSION = YES;
				CLANG_WARN_INT_CONVERSION = YES;
				CLANG_WARN_NON_LITERAL_NULL_CONVERSION = YES;
				CLANG_WARN_OBJC_IMPLICIT_RETAIN_SELF = YES;
				CLANG_WARN_OBJC_LITERAL_CONVERSION = YES;
				CLANG_WARN_OBJC_ROOT_CLASS = YES_ERROR;
				CLANG_WARN_QUOTED_INCLUDE_IN_FRAMEWORK_HEADER = YES;
				CLANG_WARN_RANGE_LOOP_ANALYSIS = YES;
				CLANG_WARN_STRICT_PROTOTYPES = YES;
				CLANG_WARN_SUSPICIOUS_MOVE = YES;
				CLANG_WARN_UNGUARDED_AVAILABILITY = YES_AGGRESSIVE;
				CLANG_WARN_UNREACHABLE_CODE = YES;
				CLANG_WARN__DUPLICATE_METHOD_MATCH = YES;
				COPY_PHASE_STRIP = NO;
				DEBUG_INFORMATION_FORMAT = dwarf;
				ENABLE_STRICT_OBJC_MSGSEND = YES;
				ENABLE_TESTABILITY = YES;
				GCC_C_LANGUAGE_STANDARD = gnu11;
				GCC_DYNAMIC_NO_PIC = NO;
				GCC_NO_COMMON_BLOCKS = YES;
				GCC_OPTIMIZATION_LEVEL = 0;
				GCC_PREPROCESSOR_DEFINITIONS = (
					"DEBUG=1",
					"$(inherited)",
				);
				GCC_WARN_64_TO_32_BIT_CONVERSION = YES;
				GCC_WARN_ABOUT_RETURN_TYPE = YES_ERROR;
				GCC_WARN_UNDECLARED_SELECTOR = YES;
				GCC_WARN_UNINITIALIZED_AUTOS = YES_AGGRESSIVE;
				GCC_WARN_UNUSED_FUNCTION = YES;
				GCC_WARN_UNUSED_VARIABLE = YES;
				IPHONEOS_DEPLOYMENT_TARGET = 15.4;
				MTL_ENABLE_DEBUG_INFO = INCLUDE_SOURCE;
				MTL_FAST_MATH = YES;
				ONLY_ACTIVE_ARCH = YES;
				SDKROOT = iphoneos;
				SWIFT_ACTIVE_COMPILATION_CONDITIONS = DEBUG;
				SWIFT_OPTIMIZATION_LEVEL = "-Onone";
			};
			name = Debug;
		};
		4F81250C2878AFC200E71A94 /* Release */ = {
			isa = XCBuildConfiguration;
			buildSettings = {
				ALWAYS_SEARCH_USER_PATHS = NO;
				CLANG_ANALYZER_NONNULL = YES;
				CLANG_ANALYZER_NUMBER_OBJECT_CONVERSION = YES_AGGRESSIVE;
				CLANG_CXX_LANGUAGE_STANDARD = "gnu++17";
				CLANG_ENABLE_MODULES = YES;
				CLANG_ENABLE_OBJC_ARC = YES;
				CLANG_ENABLE_OBJC_WEAK = YES;
				CLANG_WARN_BLOCK_CAPTURE_AUTORELEASING = YES;
				CLANG_WARN_BOOL_CONVERSION = YES;
				CLANG_WARN_COMMA = YES;
				CLANG_WARN_CONSTANT_CONVERSION = YES;
				CLANG_WARN_DEPRECATED_OBJC_IMPLEMENTATIONS = YES;
				CLANG_WARN_DIRECT_OBJC_ISA_USAGE = YES_ERROR;
				CLANG_WARN_DOCUMENTATION_COMMENTS = YES;
				CLANG_WARN_EMPTY_BODY = YES;
				CLANG_WARN_ENUM_CONVERSION = YES;
				CLANG_WARN_INFINITE_RECURSION = YES;
				CLANG_WARN_INT_CONVERSION = YES;
				CLANG_WARN_NON_LITERAL_NULL_CONVERSION = YES;
				CLANG_WARN_OBJC_IMPLICIT_RETAIN_SELF = YES;
				CLANG_WARN_OBJC_LITERAL_CONVERSION = YES;
				CLANG_WARN_OBJC_ROOT_CLASS = YES_ERROR;
				CLANG_WARN_QUOTED_INCLUDE_IN_FRAMEWORK_HEADER = YES;
				CLANG_WARN_RANGE_LOOP_ANALYSIS = YES;
				CLANG_WARN_STRICT_PROTOTYPES = YES;
				CLANG_WARN_SUSPICIOUS_MOVE = YES;
				CLANG_WARN_UNGUARDED_AVAILABILITY = YES_AGGRESSIVE;
				CLANG_WARN_UNREACHABLE_CODE = YES;
				CLANG_WARN__DUPLICATE_METHOD_MATCH = YES;
				COPY_PHASE_STRIP = NO;
				DEBUG_INFORMATION_FORMAT = "dwarf-with-dsym";
				ENABLE_NS_ASSERTIONS = NO;
				ENABLE_STRICT_OBJC_MSGSEND = YES;
				GCC_C_LANGUAGE_STANDARD = gnu11;
				GCC_NO_COMMON_BLOCKS = YES;
				GCC_WARN_64_TO_32_BIT_CONVERSION = YES;
				GCC_WARN_ABOUT_RETURN_TYPE = YES_ERROR;
				GCC_WARN_UNDECLARED_SELECTOR = YES;
				GCC_WARN_UNINITIALIZED_AUTOS = YES_AGGRESSIVE;
				GCC_WARN_UNUSED_FUNCTION = YES;
				GCC_WARN_UNUSED_VARIABLE = YES;
				IPHONEOS_DEPLOYMENT_TARGET = 15.4;
				MTL_ENABLE_DEBUG_INFO = NO;
				MTL_FAST_MATH = YES;
				SDKROOT = iphoneos;
				SWIFT_COMPILATION_MODE = wholemodule;
				SWIFT_OPTIMIZATION_LEVEL = "-O";
				VALIDATE_PRODUCT = YES;
			};
			name = Release;
		};
		4F81250E2878AFC200E71A94 /* Debug */ = {
			isa = XCBuildConfiguration;
			buildSettings = {
				ASSETCATALOG_COMPILER_APPICON_NAME = AppIcon;
				ASSETCATALOG_COMPILER_GLOBAL_ACCENT_COLOR_NAME = AccentColor;
				CODE_SIGN_STYLE = Automatic;
				CURRENT_PROJECT_VERSION = 1;
				DEVELOPMENT_TEAM = 3L83X3262C;
				GENERATE_INFOPLIST_FILE = YES;
				INFOPLIST_FILE = tocaderato/Info.plist;
				INFOPLIST_KEY_UIApplicationSupportsIndirectInputEvents = YES;
				INFOPLIST_KEY_UILaunchStoryboardName = LaunchScreen;
				INFOPLIST_KEY_UIMainStoryboardFile = Main;
				INFOPLIST_KEY_UISupportedInterfaceOrientations_iPad = "UIInterfaceOrientationPortrait UIInterfaceOrientationPortraitUpsideDown UIInterfaceOrientationLandscapeLeft UIInterfaceOrientationLandscapeRight";
				INFOPLIST_KEY_UISupportedInterfaceOrientations_iPhone = "UIInterfaceOrientationPortrait UIInterfaceOrientationLandscapeLeft UIInterfaceOrientationLandscapeRight";
				LD_RUNPATH_SEARCH_PATHS = (
					"$(inherited)",
					"@executable_path/Frameworks",
				);
				MARKETING_VERSION = 1.0;
				PRODUCT_BUNDLE_IDENTIFIER = br.ufpe.cin.academy.jpma.tocaderato;
				PRODUCT_NAME = "$(TARGET_NAME)";
				SWIFT_EMIT_LOC_STRINGS = YES;
				SWIFT_VERSION = 5.0;
				TARGETED_DEVICE_FAMILY = "1,2";
			};
			name = Debug;
		};
		4F81250F2878AFC200E71A94 /* Release */ = {
			isa = XCBuildConfiguration;
			buildSettings = {
				ASSETCATALOG_COMPILER_APPICON_NAME = AppIcon;
				ASSETCATALOG_COMPILER_GLOBAL_ACCENT_COLOR_NAME = AccentColor;
				CODE_SIGN_STYLE = Automatic;
				CURRENT_PROJECT_VERSION = 1;
				DEVELOPMENT_TEAM = 3L83X3262C;
				GENERATE_INFOPLIST_FILE = YES;
				INFOPLIST_FILE = tocaderato/Info.plist;
				INFOPLIST_KEY_UIApplicationSupportsIndirectInputEvents = YES;
				INFOPLIST_KEY_UILaunchStoryboardName = LaunchScreen;
				INFOPLIST_KEY_UIMainStoryboardFile = Main;
				INFOPLIST_KEY_UISupportedInterfaceOrientations_iPad = "UIInterfaceOrientationPortrait UIInterfaceOrientationPortraitUpsideDown UIInterfaceOrientationLandscapeLeft UIInterfaceOrientationLandscapeRight";
				INFOPLIST_KEY_UISupportedInterfaceOrientations_iPhone = "UIInterfaceOrientationPortrait UIInterfaceOrientationLandscapeLeft UIInterfaceOrientationLandscapeRight";
				LD_RUNPATH_SEARCH_PATHS = (
					"$(inherited)",
					"@executable_path/Frameworks",
				);
				MARKETING_VERSION = 1.0;
				PRODUCT_BUNDLE_IDENTIFIER = br.ufpe.cin.academy.jpma.tocaderato;
				PRODUCT_NAME = "$(TARGET_NAME)";
				SWIFT_EMIT_LOC_STRINGS = YES;
				SWIFT_VERSION = 5.0;
				TARGETED_DEVICE_FAMILY = "1,2";
			};
			name = Release;
		};
/* End XCBuildConfiguration section */

/* Begin XCConfigurationList section */
		4F8124F42878AFC100E71A94 /* Build configuration list for PBXProject "tocaderato" */ = {
			isa = XCConfigurationList;
			buildConfigurations = (
				4F81250B2878AFC200E71A94 /* Debug */,
				4F81250C2878AFC200E71A94 /* Release */,
			);
			defaultConfigurationIsVisible = 0;
			defaultConfigurationName = Release;
		};
		4F81250D2878AFC200E71A94 /* Build configuration list for PBXNativeTarget "tocaderato" */ = {
			isa = XCConfigurationList;
			buildConfigurations = (
				4F81250E2878AFC200E71A94 /* Debug */,
				4F81250F2878AFC200E71A94 /* Release */,
			);
			defaultConfigurationIsVisible = 0;
			defaultConfigurationName = Release;
		};
/* End XCConfigurationList section */
	};
	rootObject = 4F8124F12878AFC100E71A94 /* Project object */;
}
